
Microsoft Visual Studio Solution File, Format Version 12.00
# Visual Studio 15
VisualStudioVersion = 15.0.27004.2009
MinimumVisualStudioVersion = 10.0.40219.1
Project("{FAE04EC0-301F-11D3-BF4B-00C04F79EFBC}") = "ESP32-LEDController", "ESP32-LEDController\ESP32-LEDController.csproj", "{B8B8E5DE-2845-4D6F-9B75-55B311FDD2D7}"
EndProject
Global
	GlobalSection(SolutionConfigurationPlatforms) = preSolution
		Debug|Any CPU = Debug|Any CPU
		Release|Any CPU = Release|Any CPU
	EndGlobalSection
	GlobalSection(ProjectConfigurationPlatforms) = postSolution
		{B8B8E5DE-2845-4D6F-9B75-55B311FDD2D7}.Debug|Any CPU.ActiveCfg = Debug|Any CPU
		{B8B8E5DE-2845-4D6F-9B75-55B311FDD2D7}.Debug|Any CPU.Build.0 = Debug|Any CPU
		{B8B8E5DE-2845-4D6F-9B75-55B311FDD2D7}.Release|Any CPU.ActiveCfg = Release|Any CPU
		{B8B8E5DE-2845-4D6F-9B75-55B311FDD2D7}.Release|Any CPU.Build.0 = Release|Any CPU
	EndGlobalSection
	GlobalSection(SolutionProperties) = preSolution
		HideSolutionNode = FALSE
	EndGlobalSection
	GlobalSection(ExtensibilityGlobals) = postSolution
		SolutionGuid = {72444AA2-8755-4344-BE9F-8FF2C4890648}
	EndGlobalSection
EndGlobal
